
Microsoft Visual Studio Solution File, Format Version 12.00
# Visual Studio Version 17
VisualStudioVersion = 17.2.32616.157
MinimumVisualStudioVersion = 10.0.40219.1
Project("{FAE04EC0-301F-11D3-BF4B-00C04F79EFBC}") = "CadastroFuncio", "CadastroFuncio\CadastroFuncio.csproj", "{B95DE70C-4629-4B75-A66C-0880E3BDD03E}"
EndProject
Global
	GlobalSection(SolutionConfigurationPlatforms) = preSolution
		Debug|Any CPU = Debug|Any CPU
		Release|Any CPU = Release|Any CPU
	EndGlobalSection
	GlobalSection(ProjectConfigurationPlatforms) = postSolution
		{B95DE70C-4629-4B75-A66C-0880E3BDD03E}.Debug|Any CPU.ActiveCfg = Debug|Any CPU
		{B95DE70C-4629-4B75-A66C-0880E3BDD03E}.Debug|Any CPU.Build.0 = Debug|Any CPU
		{B95DE70C-4629-4B75-A66C-0880E3BDD03E}.Release|Any CPU.ActiveCfg = Release|Any CPU
		{B95DE70C-4629-4B75-A66C-0880E3BDD03E}.Release|Any CPU.Build.0 = Release|Any CPU
	EndGlobalSection
	GlobalSection(SolutionProperties) = preSolution
		HideSolutionNode = FALSE
	EndGlobalSection
	GlobalSection(ExtensibilityGlobals) = postSolution
		SolutionGuid = {175277E1-54AE-4E45-BA32-903A8A5334B2}
	EndGlobalSection
EndGlobal
